
Microsoft Visual Studio Solution File, Format Version 12.00
# Visual Studio Version 17
VisualStudioVersion = 17.8.34309.116
MinimumVisualStudioVersion = 10.0.40219.1
Project("{FAE04EC0-301F-11D3-BF4B-00C04F79EFBC}") = "WeDriveRental", "WeDriveRental\WeDriveRental\WeDriveRental.csproj", "{B6899419-36FD-49DC-8858-A088D6ED6E4B}"
EndProject
Project("{FAE04EC0-301F-11D3-BF4B-00C04F79EFBC}") = "WeDriveRental.Client", "WeDriveRental\WeDriveRental.Client\WeDriveRental.Client.csproj", "{60CA793B-A1EB-4E16-A47A-18A0AA38FFF9}"
EndProject
Project("{FAE04EC0-301F-11D3-BF4B-00C04F79EFBC}") = "Shared", "Models\Shared.csproj", "{A0A7F998-3FDE-4B7B-BD07-CD437770B32B}"
EndProject
Global
	GlobalSection(SolutionConfigurationPlatforms) = preSolution
		Debug|Any CPU = Debug|Any CPU
		Release|Any CPU = Release|Any CPU
	EndGlobalSection
	GlobalSection(ProjectConfigurationPlatforms) = postSolution
		{B6899419-36FD-49DC-8858-A088D6ED6E4B}.Debug|Any CPU.ActiveCfg = Debug|Any CPU
		{B6899419-36FD-49DC-8858-A088D6ED6E4B}.Debug|Any CPU.Build.0 = Debug|Any CPU
		{B6899419-36FD-49DC-8858-A088D6ED6E4B}.Release|Any CPU.ActiveCfg = Release|Any CPU
		{B6899419-36FD-49DC-8858-A088D6ED6E4B}.Release|Any CPU.Build.0 = Release|Any CPU
		{60CA793B-A1EB-4E16-A47A-18A0AA38FFF9}.Debug|Any CPU.ActiveCfg = Debug|Any CPU
		{60CA793B-A1EB-4E16-A47A-18A0AA38FFF9}.Debug|Any CPU.Build.0 = Debug|Any CPU
		{60CA793B-A1EB-4E16-A47A-18A0AA38FFF9}.Release|Any CPU.ActiveCfg = Release|Any CPU
		{60CA793B-A1EB-4E16-A47A-18A0AA38FFF9}.Release|Any CPU.Build.0 = Release|Any CPU
		{A0A7F998-3FDE-4B7B-BD07-CD437770B32B}.Debug|Any CPU.ActiveCfg = Debug|Any CPU
		{A0A7F998-3FDE-4B7B-BD07-CD437770B32B}.Debug|Any CPU.Build.0 = Debug|Any CPU
		{A0A7F998-3FDE-4B7B-BD07-CD437770B32B}.Release|Any CPU.ActiveCfg = Release|Any CPU
		{A0A7F998-3FDE-4B7B-BD07-CD437770B32B}.Release|Any CPU.Build.0 = Release|Any CPU
	EndGlobalSection
	GlobalSection(SolutionProperties) = preSolution
		HideSolutionNode = FALSE
	EndGlobalSection
	GlobalSection(ExtensibilityGlobals) = postSolution
		SolutionGuid = {7F41F768-F09F-47C3-9E74-A2360E0D0F0F}
	EndGlobalSection
EndGlobal
